<?xml version="1.0" encoding="utf-8"?>
<Project ToolsVersion="4.0" xmlns="http://schemas.microsoft.com/developer/msbuild/2003">
  <ItemGroup>
    <Filter Include="소스 파일">
      <UniqueIdentifier>{4FC737F1-C7A5-4376-A066-2A32D752A2FF}</UniqueIdentifier>
      <Extensions>cpp;c;cc;cxx;c++;cppm;ixx;def;odl;idl;hpj;bat;asm;asmx</Extensions>
    </Filter>
    <Filter Include="헤더 파일">
      <UniqueIdentifier>{93995380-89BD-4b04-88EB-625FBE52EBFB}</UniqueIdentifier>
      <Extensions>h;hh;hpp;hxx;h++;hm;inl;inc;ipp;xsd</Extensions>
    </Filter>
    <Filter Include="리소스 파일">
      <UniqueIdentifier>{67DA6AB6-F800-4c08-8B7A-83BB121AAD01}</UniqueIdentifier>
      <Extensions>rc;ico;cur;bmp;dlg;rc2;rct;bin;rgs;gif;jpg;jpeg;jpe;resx;tiff;tif;png;wav;mfcribbon-ms</Extensions>
    </Filter>
  </ItemGroup>
  <ItemGroup>
    <ClCompile Include="메인.cpp">
      <Filter>소스 파일</Filter>
    </ClCompile>
    <ClCompile Include="quick.cpp">
      <Filter>소스 파일</Filter>
    </ClCompile>
    <ClCompile Include="텍스트그래픽등.cpp">
      <Filter>소스 파일</Filter>
    </ClCompile>
    <ClCompile Include="더블버퍼링.cpp">
      <Filter>소스 파일</Filter>
    </ClCompile>
    <ClCompile Include="bouble.cpp">
      <Filter>소스 파일</Filter>
    </ClCompile>
    <ClCompile Include="selection.cpp">
      <Filter>소스 파일</Filter>
    </ClCompile>
    <ClCompile Include="insertion.cpp">
      <Filter>소스 파일</Filter>
    </ClCompile>
    <ClCompile Include="radix.cpp">
      <Filter>소스 파일</Filter>
    </ClCompile>
    <ClCompile Include="queue.cpp">
      <Filter>소스 파일</Filter>
    </ClCompile>
    <ClCompile Include="drawmain.cpp">
      <Filter>소스 파일</Filter>
    </ClCompile>
    <ClCompile Include="merge.cpp">
      <Filter>소스 파일</Filter>
    </ClCompile>
    <ClCompile Include="prim.cpp">
      <Filter>소스 파일</Filter>
    </ClCompile>
    <ClCompile Include="krus.cpp">
      <Filter>소스 파일</Filter>
    </ClCompile>
    <ClCompile Include="shell.cpp">
      <Filter>소스 파일</Filter>
    </ClCompile>
    <ClCompile Include="heap.cpp">
      <Filter>소스 파일</Filter>
    </ClCompile>
    <ClCompile Include="topo.cpp">
      <Filter>소스 파일</Filter>
    </ClCompile>
    <ClCompile Include="dfsm.cpp">
      <Filter>소스 파일</Filter>
    </ClCompile>
    <ClCompile Include="bfsm.cpp">
      <Filter>소스 파일</Filter>
    </ClCompile>
    <ClCompile Include="astar.cpp">
      <Filter>소스 파일</Filter>
    </ClCompile>
    <ClCompile Include="b_t.cpp">
      <Filter>소스 파일</Filter>
    </ClCompile>
    <ClCompile Include="backt.cpp">
      <Filter>소스 파일</Filter>
    </ClCompile>
    <ClCompile Include="branch.cpp">
      <Filter>소스 파일</Filter>
    </ClCompile>
  </ItemGroup>
  <ItemGroup>
    <ClInclude Include="헤더들.h">
      <Filter>헤더 파일</Filter>
    </ClInclude>
  </ItemGroup>
</Project>